
Microsoft Visual Studio Solution File, Format Version 12.00
# Visual Studio Version 17
VisualStudioVersion = 17.6.33829.357
MinimumVisualStudioVersion = 10.0.40219.1
Project("{FAE04EC0-301F-11D3-BF4B-00C04F79EFBC}") = "SubShop", "SubShop\SubShop.csproj", "{59A048DB-A9A6-49E4-A641-E0CB0F87E047}"
EndProject
Global
	GlobalSection(SolutionConfigurationPlatforms) = preSolution
		Debug|Any CPU = Debug|Any CPU
		Release|Any CPU = Release|Any CPU
	EndGlobalSection
	GlobalSection(ProjectConfigurationPlatforms) = postSolution
		{59A048DB-A9A6-49E4-A641-E0CB0F87E047}.Debug|Any CPU.ActiveCfg = Debug|Any CPU
		{59A048DB-A9A6-49E4-A641-E0CB0F87E047}.Debug|Any CPU.Build.0 = Debug|Any CPU
		{59A048DB-A9A6-49E4-A641-E0CB0F87E047}.Release|Any CPU.ActiveCfg = Release|Any CPU
		{59A048DB-A9A6-49E4-A641-E0CB0F87E047}.Release|Any CPU.Build.0 = Release|Any CPU
	EndGlobalSection
	GlobalSection(SolutionProperties) = preSolution
		HideSolutionNode = FALSE
	EndGlobalSection
	GlobalSection(ExtensibilityGlobals) = postSolution
		SolutionGuid = {4EA20AD9-711C-4E2F-AADA-8299A2401F72}
	EndGlobalSection
EndGlobal
